
Microsoft Visual Studio Solution File, Format Version 12.00
# Visual Studio Version 17
VisualStudioVersion = 17.14.36518.9 d17.14
MinimumVisualStudioVersion = 10.0.40219.1
Project("{FAE04EC0-301F-11D3-BF4B-00C04F79EFBC}") = "CamotDomain", "CamotDomain\CamotDomain.csproj", "{D38D94CE-953E-4F01-8ECD-7B4088049F01}"
EndProject
Project("{FAE04EC0-301F-11D3-BF4B-00C04F79EFBC}") = "CamotFramework", "CamotFramework\CamotFramework.csproj", "{B7FF8AA3-45CE-4C75-A851-39B178F84D3C}"
EndProject
Project("{FAE04EC0-301F-11D3-BF4B-00C04F79EFBC}") = "CamotYoutubeViewer", "CamotYoutubeViewer\CamotYoutubeViewer.csproj", "{D64C8E35-E975-465D-9EEB-F5CA251EBC89}"
EndProject
Global
	GlobalSection(SolutionConfigurationPlatforms) = preSolution
		Debug|Any CPU = Debug|Any CPU
		Release|Any CPU = Release|Any CPU
	EndGlobalSection
	GlobalSection(ProjectConfigurationPlatforms) = postSolution
		{D38D94CE-953E-4F01-8ECD-7B4088049F01}.Debug|Any CPU.ActiveCfg = Debug|Any CPU
		{D38D94CE-953E-4F01-8ECD-7B4088049F01}.Debug|Any CPU.Build.0 = Debug|Any CPU
		{D38D94CE-953E-4F01-8ECD-7B4088049F01}.Release|Any CPU.ActiveCfg = Release|Any CPU
		{D38D94CE-953E-4F01-8ECD-7B4088049F01}.Release|Any CPU.Build.0 = Release|Any CPU
		{B7FF8AA3-45CE-4C75-A851-39B178F84D3C}.Debug|Any CPU.ActiveCfg = Debug|Any CPU
		{B7FF8AA3-45CE-4C75-A851-39B178F84D3C}.Debug|Any CPU.Build.0 = Debug|Any CPU
		{B7FF8AA3-45CE-4C75-A851-39B178F84D3C}.Release|Any CPU.ActiveCfg = Release|Any CPU
		{B7FF8AA3-45CE-4C75-A851-39B178F84D3C}.Release|Any CPU.Build.0 = Release|Any CPU
		{D64C8E35-E975-465D-9EEB-F5CA251EBC89}.Debug|Any CPU.ActiveCfg = Debug|Any CPU
		{D64C8E35-E975-465D-9EEB-F5CA251EBC89}.Debug|Any CPU.Build.0 = Debug|Any CPU
		{D64C8E35-E975-465D-9EEB-F5CA251EBC89}.Release|Any CPU.ActiveCfg = Release|Any CPU
		{D64C8E35-E975-465D-9EEB-F5CA251EBC89}.Release|Any CPU.Build.0 = Release|Any CPU
	EndGlobalSection
	GlobalSection(SolutionProperties) = preSolution
		HideSolutionNode = FALSE
	EndGlobalSection
	GlobalSection(ExtensibilityGlobals) = postSolution
		SolutionGuid = {82ED4351-70A7-49E9-89C1-D89B13B62575}
	EndGlobalSection
EndGlobal
